github.com/go-test/deep v1.0.4 h1:u2CU3YKy9I2pmu9pX0eq50wCgjfGIt539SqR7FbHiho=
github.com/go-test/deep v1.0.4/go.mod h1:wGDj63lr65AM2AQyKZd/NYHGb0R+1RLqB8NKt3aSFNA=
github.com/google/uuid v1.5.0 h1:1p67kYwdtXjb0gL0BPiP1Av9wiZPo5A8z2cWkTZ+eyU=
github.com/google/uuid v1.5.0/go.mod h1:TIyPZe4MgqvfeYDBFedMoGGpEw/LqOeaOT+nhxU+yHo=
github.com/hhrutter/lzw v1.0.0 h1:laL89Llp86W3rRs83LvKbwYRx6INE8gDn0XNb1oXtm0=
github.com/hhrutter/lzw v1.0.0/go.mod h1:2HC6DJSn/n6iAZfgM3Pg+cP1KxeWc3ezG8bBqW5+WEo=
github.com/hhrutter/tiff v1.0.1 h1:MIus8caHU5U6823gx7C6jrfoEvfSTGtEFRiM8/LOzC0=
github.com/hhrutter/tiff v1.0.1/go.mod h1:zU/dNgDm0cMIa8y8YwcYBeuEEveI4B0owqHyiPpJPHc=
github.com/kr/pretty v0.3.1 h1:flRD4NNwYAUpkphVc1HcthR4KEIFJ65n8Mw5qdRn3LE=
github.com/kr/pretty v0.3.1/go.mod h1:hoEshYVHaxMs3cyo3Yncou5ZscifuDolrwPKZanG3xk=
github.com/kr/pty v1.1.1/go.mod h1:pFQYn66WHrOpPYNljwOMqo10TkYh1fy3cYio2l3bCsQ=
github.com/kr/text v0.1.0 h1:45sCR5RtlFHMR4UwH9sdQ5TC8v0qDQCHnXt+kaKSTVE=
github.com/kr/text v0.1.0/go.mod h1:4Jbv+DJW3UT/LiOwJeYQe1efqtUx/iVham/4vfdArNI=
github.com/luevano/libmangal v0.9.1 h1:naqId2TYSnG0zc39jS/HSr+RQUrTh8hSfsx52Jorr/M=
github.com/luevano/libmangal v0.9.1/go.mod h1:EtSg/3f5e/CoMQEk26THBsV7C0HtZDdJWBCyJLIUAX0=
github.com/luevano/mangodex v0.1.1 h1:pyhH2ihbIFN/wuLmGvvNbwuI9jCY99knYRoJfLUE0rc=
github.com/luevano/mangodex v0.1.1/go.mod h1:GE7RawxnpPTG2yF4fnIRCh+pycLSz6jj8VyLhauMtIY=
github.com/mattn/go-runewidth v0.0.15 h1:UNAjwbU9l54TA3KzvqLGxwWjHmMgBUVhBiTjelZgg3U=
github.com/mattn/go-runewidth v0.0.15/go.mod h1:Jdepj2loyihRzMpdS35Xk/zdY8IAYHsh153qUoGf23w=
github.com/pdfcpu/pdfcpu v0.6.0 h1:z4kARP5bcWa39TTYMcN/kjBnm7MvhTWjXgeYmkdAGMI=
github.com/pdfcpu/pdfcpu v0.6.0/go.mod h1:kmpD0rk8YnZj0l3qSeGBlAB+XszHUgNv//ORH/E7EYo=
github.com/philippgille/gokv v0.0.0-20191001201555-5ac9a20de634/go.mod h1:OCoWPt+mbYuTO1FUVrQ2SxQU0oaaHBsn6lRhFX3JHOc=
github.com/philippgille/gokv v0.6.0 h1:fNEx/tSwV73nzlYd3iRYB8F+SEVJNNFzH1gsaT8SK2c=
github.com/philippgille/gokv v0.6.0/go.mod h1:tjXRFw9xDHgxLS8WJdfYotKGWp8TWqu4RdXjMDG/XBo=
github.com/philippgille/gokv/encoding v0.0.0-20191011213304-eb77f15b9c61/go.mod h1:SjxSrCoeYrYn85oTtroyG1ePY8aE72nvLQlw8IYwAN8=
github.com/philippgille/gokv/encoding v0.6.0 h1:P1TN+Aulpd6Qd7qcLqgPwoxzOQ42UHBXOovWvFxJRI8=
github.com/philippgille/gokv/encoding v0.6.0/go.mod h1:/yKvq2BKJlKJsH7KMDrhDlEw2Pt3V1nKyFhs4iOqz5U=
github.com/philippgille/gokv/syncmap v0.6.0 h1:2eWC2J6mTyUsl687WuGoYPIiyqFiTBZU7hSKPlr0mK4=
github.com/philippgille/gokv/syncmap v0.6.0/go.mod h1:ZekkiO1XY9XbjRv9iunxA6+POW9Tw/QHsLO9xAHEaxo=
github.com/philippgille/gokv/test v0.0.0-20191011213304-eb77f15b9c61 h1:4tVyBgfpK0NSqu7tNZTwYfC/pbyWUR2y+O7mxEg5BTQ=
github.com/philippgille/gokv/test v0.0.0-20191011213304-eb77f15b9c61/go.mod h1:EUc+s9ONc1+VOr9NUEd8S0YbGRrQd/gz/p+2tvwt12s=
github.com/philippgille/gokv/util v0.0.0-20191011213304-eb77f15b9c61/go.mod h1:2dBhsJgY/yVIkjY5V3AnDUxUbEPzT6uQ3LvoVT8TR20=
github.com/philippgille/gokv/util v0.6.0 h1:GrTxVENzKBxs8lB3tnaA88mKOuVPT7atZPplxX+PNmo=
github.com/philippgille/gokv/util v0.6.0/go.mod h1:ovoDHZ2Svr7YX972SPPJQRXbhHEy3Gb20HRH/Tr9BiQ=
github.com/pkg/errors v0.9.1 h1:FEBLx1zS214owpjy7qsBeixbURkuhQAwrK5UwLGTwt4=
github.com/pkg/errors v0.9.1/go.mod h1:bwawxfHBFNV+L2hUp1rHADufV3IMtnDRdf1r5NINEl0=
github.com/rivo/uniseg v0.2.0/go.mod h1:J6wj4VEh+S6ZtnVlnTBMWIodfgj8LQOQFoIToxlJtxc=
github.com/rivo/uniseg v0.4.4 h1:8TfxU8dW6PdqD27gjM8MVNuicgxIjxpm4K7x4jp8sis=
github.com/rivo/uniseg v0.4.4/go.mod h1:FN3SvrM+Zdj16jyLfmOkMNblXMcoc8DfTHruCPUcx88=
github.com/rogpeppe/go-internal v1.12.0 h1:exVL4IDcn6na9z1rAb56Vxr+CgyK3nn3O+epU5NdKM8=
github.com/rogpeppe/go-internal v1.12.0/go.mod h1:E+RYuTGaKKdloAfM02xzb0FW3Paa99yedzYV+kq4uf4=
github.com/skratchdot/open-golang v0.0.0-20200116055534-eef842397966 h1:JIAuq3EEf9cgbU6AtGPK4CTG3Zf6CKMNqf0MHTggAUA=
github.com/skratchdot/open-golang v0.0.0-20200116055534-eef842397966/go.mod h1:sUM3LWHvSMaG192sy56D9F7CNvL7jUJVXoqM1QKLnog=
github.com/spf13/afero v1.11.0 h1:WJQKhtpdm3v2IzqG8VMqrr6Rf3UYpEF239Jy9wNepM8=
github.com/spf13/afero v1.11.0/go.mod h1:GH9Y3pIexgf1MTIWtNGyogA5MwRIDXGUr+hbWNoBjkY=
golang.org/x/image v0.15.0 h1:kOELfmgrmJlw4Cdb7g/QGuB3CvDrXbqEIww/pNtNBm8=
golang.org/x/image v0.15.0/go.mod h1:HUYqC05R2ZcZ3ejNQsIHQDQiwWM4JBqmm6MKANTp4LE=
golang.org/x/mod v0.14.0 h1:dGoOF9QVLYng8IHTm7BAyWqCqSheQ5pYWGhzW00YJr0=
golang.org/x/mod v0.14.0/go.mod h1:hTbmBsO62+eylJbnUtE2MGJUyE7QWk4xUqPFrRgJ+7c=
golang.org/x/sync v0.6.0 h1:5BMeUDZ7vkXGfEr1x9B4bRcTH4lpkTkpdh0T/J+qjbQ=
golang.org/x/sync v0.6.0/go.mod h1:Czt+wKu1gCyEFDUtn0jG5QVvpJ6rzVqr5aXyt9drQfk=
golang.org/x/text v0.14.0 h1:ScX5w1eTa3QqT8oi6+ziP7dTV1S2+ALU0bI+0zXKWiQ=
golang.org/x/text v0.14.0/go.mod h1:18ZOQIKpY8NJVqYksKHtTdi31H5itFRjB5/qKTNYzSU=
gopkg.in/check.v1 v0.0.0-20161208181325-20d25e280405/go.mod h1:Co6ibVJAznAaIkqp8huTwlJQCZ016jof/cbN4VW5Yz0=
gopkg.in/check.v1 v1.0.0-20190902080502-41f04d3bba15 h1:YR8cESwS4TdDjEe65xsg0ogRM/Nc3DYOhEAlW+xobZo=
gopkg.in/check.v1 v1.0.0-20190902080502-41f04d3bba15/go.mod h1:Co6ibVJAznAaIkqp8huTwlJQCZ016jof/cbN4VW5Yz0=
gopkg.in/yaml.v2 v2.4.0 h1:D8xgwECY7CYvx+Y2n4sBz93Jn9JRvxdiyyo8CTfuKaY=
gopkg.in/yaml.v2 v2.4.0/go.mod h1:RDklbk79AGWmwhnvt/jBztapEOGDOx6ZbXqjP6csGnQ=
